{
  "name": "npm-proj-1709586611421-0.648229470455189FTz8Lf",
  "lockfileVersion": 2,
  "requires": true,
  "packages": {
    "": {
      "dependencies": {
        "dotenv": "^16.4.3"
      }
    },
    "node_modules/dotenv": {
      "version": "16.4.3",
      "resolved": "https://registry.npmjs.org/dotenv/-/dotenv-16.4.3.tgz",
      "integrity": "sha512-II98GFrje5psQTSve0E7bnwMFybNLqT8Vu8JIFWRjsE3khyNUm/loZupuy5DVzG2IXf/ysxvrixYOQnM6mjD3A==",
      "engines": {
        "node": ">=12"
      },
      "funding": {
        "url": "https://dotenvx.com"
      }
    }
  },
  "dependencies": {
    "dotenv": {
      "version": "16.4.3",
      "resolved": "https://registry.npmjs.org/dotenv/-/dotenv-16.4.3.tgz",
      "integrity": "sha512-II98GFrje5psQTSve0E7bnwMFybNLqT8Vu8JIFWRjsE3khyNUm/loZupuy5DVzG2IXf/ysxvrixYOQnM6mjD3A=="
    }
  }
}
